
Microsoft Visual Studio Solution File, Format Version 12.00
# Visual Studio Version 17
VisualStudioVersion = 17.10.35013.160
MinimumVisualStudioVersion = 10.0.40219.1
Project("{FAE04EC0-301F-11D3-BF4B-00C04F79EFBC}") = "FileHandling", "FileHandling\FileHandling.csproj", "{9B006E3D-8F03-4246-B002-028BEC08557C}"
EndProject
Global
	GlobalSection(SolutionConfigurationPlatforms) = preSolution
		Debug|Any CPU = Debug|Any CPU
		Release|Any CPU = Release|Any CPU
	EndGlobalSection
	GlobalSection(ProjectConfigurationPlatforms) = postSolution
		{9B006E3D-8F03-4246-B002-028BEC08557C}.Debug|Any CPU.ActiveCfg = Debug|Any CPU
		{9B006E3D-8F03-4246-B002-028BEC08557C}.Debug|Any CPU.Build.0 = Debug|Any CPU
		{9B006E3D-8F03-4246-B002-028BEC08557C}.Release|Any CPU.ActiveCfg = Release|Any CPU
		{9B006E3D-8F03-4246-B002-028BEC08557C}.Release|Any CPU.Build.0 = Release|Any CPU
	EndGlobalSection
	GlobalSection(SolutionProperties) = preSolution
		HideSolutionNode = FALSE
	EndGlobalSection
	GlobalSection(ExtensibilityGlobals) = postSolution
		SolutionGuid = {23831E77-46C9-4FE5-A44E-39E7F81B01AF}
	EndGlobalSection
EndGlobal
